
Microsoft Visual Studio Solution File, Format Version 12.00
# Visual Studio Version 16
VisualStudioVersion = 16.0.32228.343
MinimumVisualStudioVersion = 10.0.40219.1
Project("{8BC9CEB8-8B4A-11D0-8D11-00A0C91BC942}") = "普通高斯消元（并行）", "普通高斯消元（并行）.vcxproj", "{446736FF-917D-4E7A-B069-72FAC8048C85}"
EndProject
Global
	GlobalSection(SolutionConfigurationPlatforms) = preSolution
		Debug|x64 = Debug|x64
		Debug|x86 = Debug|x86
		Release|x64 = Release|x64
		Release|x86 = Release|x86
	EndGlobalSection
	GlobalSection(ProjectConfigurationPlatforms) = postSolution
		{446736FF-917D-4E7A-B069-72FAC8048C85}.Debug|x64.ActiveCfg = Debug|x64
		{446736FF-917D-4E7A-B069-72FAC8048C85}.Debug|x64.Build.0 = Debug|x64
		{446736FF-917D-4E7A-B069-72FAC8048C85}.Debug|x86.ActiveCfg = Debug|Win32
		{446736FF-917D-4E7A-B069-72FAC8048C85}.Debug|x86.Build.0 = Debug|Win32
		{446736FF-917D-4E7A-B069-72FAC8048C85}.Release|x64.ActiveCfg = Release|x64
		{446736FF-917D-4E7A-B069-72FAC8048C85}.Release|x64.Build.0 = Release|x64
		{446736FF-917D-4E7A-B069-72FAC8048C85}.Release|x86.ActiveCfg = Release|Win32
		{446736FF-917D-4E7A-B069-72FAC8048C85}.Release|x86.Build.0 = Release|Win32
	EndGlobalSection
	GlobalSection(SolutionProperties) = preSolution
		HideSolutionNode = FALSE
	EndGlobalSection
	GlobalSection(ExtensibilityGlobals) = postSolution
		SolutionGuid = {BA553493-DF58-4788-A747-6576D1189082}
	EndGlobalSection
EndGlobal
